
Microsoft Visual Studio Solution File, Format Version 12.00
# Visual Studio Version 17
VisualStudioVersion = 17.1.31911.260
MinimumVisualStudioVersion = 10.0.40219.1
Project("{9A19103F-16F7-4668-BE54-9A1E7A4F7556}") = "HomeWallet.Server", "HomeWallet\HomeWallet\HomeWallet.Server.csproj", "{66B838AF-6219-491A-9FF3-7EA23AD6F75E}"
EndProject
Project("{9A19103F-16F7-4668-BE54-9A1E7A4F7556}") = "HomeWallet.Access", "HomeWallet.Access\HomeWallet.Access\HomeWallet.Access.csproj", "{CAD598C0-456F-4933-AE17-4B110C913737}"
EndProject
Project("{9A19103F-16F7-4668-BE54-9A1E7A4F7556}") = "HomeWallet.Domain", "HomeWallet.Domain\HomeWallet.Domain\HomeWallet.Domain.csproj", "{62757336-835F-4BB8-B4B9-117CBA748D66}"
EndProject
Project("{9A19103F-16F7-4668-BE54-9A1E7A4F7556}") = "HomeWallet.Infrastructure", "HomeWallet.Infrastructure\HomeWallet.Infrastructure\HomeWallet.Infrastructure.csproj", "{623D688A-2A0E-4AA3-9915-2F60FA8BE8FE}"
EndProject
Project("{9A19103F-16F7-4668-BE54-9A1E7A4F7556}") = "HomeWallet.Models", "HomeWallet.Models\HomeWallet.Models\HomeWallet.Models.csproj", "{832E5ABB-F418-405D-9032-B376E2CC3619}"
EndProject
Project("{9A19103F-16F7-4668-BE54-9A1E7A4F7556}") = "HomeWallet.Application", "HomeWallet.Application\HomeWallet.Application\HomeWallet.Application.csproj", "{BA2A02F0-F103-487B-9A2E-943261FB7938}"
EndProject
Project("{9A19103F-16F7-4668-BE54-9A1E7A4F7556}") = "HomeWallet.PwaApp", "HomeWallet.PwaApp\HomeWallet.PwaApp\HomeWallet.PwaApp.csproj", "{470BEB54-1B9A-4210-8C47-1B154D369F16}"
EndProject
Project("{9A19103F-16F7-4668-BE54-9A1E7A4F7556}") = "HomeWallet.Tests", "HomeWallet.Tests\HomeWallet.Tests\HomeWallet.Tests.csproj", "{287947F9-1CD3-4C52-8105-45C7E4825FEE}"
EndProject
Global
	GlobalSection(SolutionConfigurationPlatforms) = preSolution
		Debug|Any CPU = Debug|Any CPU
		Release|Any CPU = Release|Any CPU
	EndGlobalSection
	GlobalSection(ProjectConfigurationPlatforms) = postSolution
		{66B838AF-6219-491A-9FF3-7EA23AD6F75E}.Debug|Any CPU.ActiveCfg = Debug|Any CPU
		{66B838AF-6219-491A-9FF3-7EA23AD6F75E}.Debug|Any CPU.Build.0 = Debug|Any CPU
		{66B838AF-6219-491A-9FF3-7EA23AD6F75E}.Release|Any CPU.ActiveCfg = Release|Any CPU
		{66B838AF-6219-491A-9FF3-7EA23AD6F75E}.Release|Any CPU.Build.0 = Release|Any CPU
		{CAD598C0-456F-4933-AE17-4B110C913737}.Debug|Any CPU.ActiveCfg = Debug|Any CPU
		{CAD598C0-456F-4933-AE17-4B110C913737}.Debug|Any CPU.Build.0 = Debug|Any CPU
		{CAD598C0-456F-4933-AE17-4B110C913737}.Release|Any CPU.ActiveCfg = Release|Any CPU
		{CAD598C0-456F-4933-AE17-4B110C913737}.Release|Any CPU.Build.0 = Release|Any CPU
		{62757336-835F-4BB8-B4B9-117CBA748D66}.Debug|Any CPU.ActiveCfg = Debug|Any CPU
		{62757336-835F-4BB8-B4B9-117CBA748D66}.Debug|Any CPU.Build.0 = Debug|Any CPU
		{62757336-835F-4BB8-B4B9-117CBA748D66}.Release|Any CPU.ActiveCfg = Release|Any CPU
		{62757336-835F-4BB8-B4B9-117CBA748D66}.Release|Any CPU.Build.0 = Release|Any CPU
		{623D688A-2A0E-4AA3-9915-2F60FA8BE8FE}.Debug|Any CPU.ActiveCfg = Debug|Any CPU
		{623D688A-2A0E-4AA3-9915-2F60FA8BE8FE}.Debug|Any CPU.Build.0 = Debug|Any CPU
		{623D688A-2A0E-4AA3-9915-2F60FA8BE8FE}.Release|Any CPU.ActiveCfg = Release|Any CPU
		{623D688A-2A0E-4AA3-9915-2F60FA8BE8FE}.Release|Any CPU.Build.0 = Release|Any CPU
		{832E5ABB-F418-405D-9032-B376E2CC3619}.Debug|Any CPU.ActiveCfg = Debug|Any CPU
		{832E5ABB-F418-405D-9032-B376E2CC3619}.Debug|Any CPU.Build.0 = Debug|Any CPU
		{832E5ABB-F418-405D-9032-B376E2CC3619}.Release|Any CPU.ActiveCfg = Release|Any CPU
		{832E5ABB-F418-405D-9032-B376E2CC3619}.Release|Any CPU.Build.0 = Release|Any CPU
		{BA2A02F0-F103-487B-9A2E-943261FB7938}.Debug|Any CPU.ActiveCfg = Debug|Any CPU
		{BA2A02F0-F103-487B-9A2E-943261FB7938}.Debug|Any CPU.Build.0 = Debug|Any CPU
		{BA2A02F0-F103-487B-9A2E-943261FB7938}.Release|Any CPU.ActiveCfg = Release|Any CPU
		{BA2A02F0-F103-487B-9A2E-943261FB7938}.Release|Any CPU.Build.0 = Release|Any CPU
		{470BEB54-1B9A-4210-8C47-1B154D369F16}.Debug|Any CPU.ActiveCfg = Debug|Any CPU
		{470BEB54-1B9A-4210-8C47-1B154D369F16}.Debug|Any CPU.Build.0 = Debug|Any CPU
		{470BEB54-1B9A-4210-8C47-1B154D369F16}.Release|Any CPU.ActiveCfg = Release|Any CPU
		{470BEB54-1B9A-4210-8C47-1B154D369F16}.Release|Any CPU.Build.0 = Release|Any CPU
		{287947F9-1CD3-4C52-8105-45C7E4825FEE}.Debug|Any CPU.ActiveCfg = Debug|Any CPU
		{287947F9-1CD3-4C52-8105-45C7E4825FEE}.Debug|Any CPU.Build.0 = Debug|Any CPU
		{287947F9-1CD3-4C52-8105-45C7E4825FEE}.Release|Any CPU.ActiveCfg = Release|Any CPU
		{287947F9-1CD3-4C52-8105-45C7E4825FEE}.Release|Any CPU.Build.0 = Release|Any CPU
	EndGlobalSection
	GlobalSection(SolutionProperties) = preSolution
		HideSolutionNode = FALSE
	EndGlobalSection
	GlobalSection(ExtensibilityGlobals) = postSolution
		SolutionGuid = {7CD903DB-556E-4EBA-9377-B2F3CF3E38C3}
	EndGlobalSection
EndGlobal
